
Microsoft Visual Studio Solution File, Format Version 12.00
# Visual Studio Version 16
VisualStudioVersion = 16.0.32228.343
MinimumVisualStudioVersion = 10.0.40219.1
Project("{9A19103F-16F7-4668-BE54-9A1E7A4F7556}") = "Review-Challenges", "Review-Challenges\Review-Challenges.csproj", "{D56C1CE3-7D9A-4C7A-AA7A-C5CA8F64BBBD}"
EndProject
Project("{FAE04EC0-301F-11D3-BF4B-00C04F79EFBC}") = "Test-Review-Challenges", "..\Test-Review-Challenges\Test-Review-Challenges.csproj", "{C994A4CF-3C31-4D93-BE7A-D50DE8FA5D4F}"
EndProject
Global
	GlobalSection(SolutionConfigurationPlatforms) = preSolution
		Debug|Any CPU = Debug|Any CPU
		Release|Any CPU = Release|Any CPU
	EndGlobalSection
	GlobalSection(ProjectConfigurationPlatforms) = postSolution
		{D56C1CE3-7D9A-4C7A-AA7A-C5CA8F64BBBD}.Debug|Any CPU.ActiveCfg = Debug|Any CPU
		{D56C1CE3-7D9A-4C7A-AA7A-C5CA8F64BBBD}.Debug|Any CPU.Build.0 = Debug|Any CPU
		{D56C1CE3-7D9A-4C7A-AA7A-C5CA8F64BBBD}.Release|Any CPU.ActiveCfg = Release|Any CPU
		{D56C1CE3-7D9A-4C7A-AA7A-C5CA8F64BBBD}.Release|Any CPU.Build.0 = Release|Any CPU
		{C994A4CF-3C31-4D93-BE7A-D50DE8FA5D4F}.Debug|Any CPU.ActiveCfg = Debug|Any CPU
		{C994A4CF-3C31-4D93-BE7A-D50DE8FA5D4F}.Debug|Any CPU.Build.0 = Debug|Any CPU
		{C994A4CF-3C31-4D93-BE7A-D50DE8FA5D4F}.Release|Any CPU.ActiveCfg = Release|Any CPU
		{C994A4CF-3C31-4D93-BE7A-D50DE8FA5D4F}.Release|Any CPU.Build.0 = Release|Any CPU
	EndGlobalSection
	GlobalSection(SolutionProperties) = preSolution
		HideSolutionNode = FALSE
	EndGlobalSection
	GlobalSection(ExtensibilityGlobals) = postSolution
		SolutionGuid = {9D2ED094-37E8-4C33-AA89-DEC0B7D44E7E}
	EndGlobalSection
EndGlobal
